
Microsoft Visual Studio Solution File, Format Version 12.00
# Visual Studio Version 16
VisualStudioVersion = 16.0.29411.108
MinimumVisualStudioVersion = 10.0.40219.1
Project("{8BC9CEB8-8B4A-11D0-8D11-00A0C91BC942}") = "Traveller's app", "Traveller's app\Traveller's app.vcxproj", "{4368672B-0998-4DDA-B707-B62D6B55378A}"
EndProject
Global
	GlobalSection(SolutionConfigurationPlatforms) = preSolution
		Debug|x64 = Debug|x64
		Debug|x86 = Debug|x86
		Release|x64 = Release|x64
		Release|x86 = Release|x86
	EndGlobalSection
	GlobalSection(ProjectConfigurationPlatforms) = postSolution
		{4368672B-0998-4DDA-B707-B62D6B55378A}.Debug|x64.ActiveCfg = Debug|x64
		{4368672B-0998-4DDA-B707-B62D6B55378A}.Debug|x64.Build.0 = Debug|x64
		{4368672B-0998-4DDA-B707-B62D6B55378A}.Debug|x86.ActiveCfg = Debug|Win32
		{4368672B-0998-4DDA-B707-B62D6B55378A}.Debug|x86.Build.0 = Debug|Win32
		{4368672B-0998-4DDA-B707-B62D6B55378A}.Release|x64.ActiveCfg = Release|x64
		{4368672B-0998-4DDA-B707-B62D6B55378A}.Release|x64.Build.0 = Release|x64
		{4368672B-0998-4DDA-B707-B62D6B55378A}.Release|x86.ActiveCfg = Release|Win32
		{4368672B-0998-4DDA-B707-B62D6B55378A}.Release|x86.Build.0 = Release|Win32
	EndGlobalSection
	GlobalSection(SolutionProperties) = preSolution
		HideSolutionNode = FALSE
	EndGlobalSection
	GlobalSection(ExtensibilityGlobals) = postSolution
		SolutionGuid = {4609F26E-3B33-4721-9FB6-3062B9B31872}
	EndGlobalSection
EndGlobal
