
Microsoft Visual Studio Solution File, Format Version 12.00
# Visual Studio Version 16
VisualStudioVersion = 16.0.29411.108
MinimumVisualStudioVersion = 10.0.40219.1
Project("{8BC9CEB8-8B4A-11D0-8D11-00A0C91BC942}") = "Circles", "Circles\Circles.vcxproj", "{9A1CAF26-355B-4162-9FB4-DD1EA7269B15}"
EndProject
Project("{8BC9CEB8-8B4A-11D0-8D11-00A0C91BC942}") = "fmiValut", "fmiValut\fmiValut.vcxproj", "{C37FB6DD-6846-4A35-BBF8-CAF6DB985D52}"
EndProject
Global
	GlobalSection(SolutionConfigurationPlatforms) = preSolution
		Debug|x64 = Debug|x64
		Debug|x86 = Debug|x86
		Release|x64 = Release|x64
		Release|x86 = Release|x86
	EndGlobalSection
	GlobalSection(ProjectConfigurationPlatforms) = postSolution
		{9A1CAF26-355B-4162-9FB4-DD1EA7269B15}.Debug|x64.ActiveCfg = Debug|x64
		{9A1CAF26-355B-4162-9FB4-DD1EA7269B15}.Debug|x64.Build.0 = Debug|x64
		{9A1CAF26-355B-4162-9FB4-DD1EA7269B15}.Debug|x86.ActiveCfg = Debug|Win32
		{9A1CAF26-355B-4162-9FB4-DD1EA7269B15}.Debug|x86.Build.0 = Debug|Win32
		{9A1CAF26-355B-4162-9FB4-DD1EA7269B15}.Release|x64.ActiveCfg = Release|x64
		{9A1CAF26-355B-4162-9FB4-DD1EA7269B15}.Release|x64.Build.0 = Release|x64
		{9A1CAF26-355B-4162-9FB4-DD1EA7269B15}.Release|x86.ActiveCfg = Release|Win32
		{9A1CAF26-355B-4162-9FB4-DD1EA7269B15}.Release|x86.Build.0 = Release|Win32
		{C37FB6DD-6846-4A35-BBF8-CAF6DB985D52}.Debug|x64.ActiveCfg = Debug|x64
		{C37FB6DD-6846-4A35-BBF8-CAF6DB985D52}.Debug|x64.Build.0 = Debug|x64
		{C37FB6DD-6846-4A35-BBF8-CAF6DB985D52}.Debug|x86.ActiveCfg = Debug|Win32
		{C37FB6DD-6846-4A35-BBF8-CAF6DB985D52}.Debug|x86.Build.0 = Debug|Win32
		{C37FB6DD-6846-4A35-BBF8-CAF6DB985D52}.Release|x64.ActiveCfg = Release|x64
		{C37FB6DD-6846-4A35-BBF8-CAF6DB985D52}.Release|x64.Build.0 = Release|x64
		{C37FB6DD-6846-4A35-BBF8-CAF6DB985D52}.Release|x86.ActiveCfg = Release|Win32
		{C37FB6DD-6846-4A35-BBF8-CAF6DB985D52}.Release|x86.Build.0 = Release|Win32
	EndGlobalSection
	GlobalSection(SolutionProperties) = preSolution
		HideSolutionNode = FALSE
	EndGlobalSection
	GlobalSection(ExtensibilityGlobals) = postSolution
		SolutionGuid = {D81A3A9B-F0B7-40D6-B243-DE398DBB2D9E}
	EndGlobalSection
EndGlobal
